
Microsoft Visual Studio Solution File, Format Version 12.00
# Visual Studio Version 17
VisualStudioVersion = 17.4.33110.190
MinimumVisualStudioVersion = 10.0.40219.1
Project("{FAE04EC0-301F-11D3-BF4B-00C04F79EFBC}") = "Lab10", "Lab10\Lab10.csproj", "{CCFA7442-09BB-4B10-AB63-D23DD6690D30}"
EndProject
Global
	GlobalSection(SolutionConfigurationPlatforms) = preSolution
		Debug|Any CPU = Debug|Any CPU
		Release|Any CPU = Release|Any CPU
	EndGlobalSection
	GlobalSection(ProjectConfigurationPlatforms) = postSolution
		{CCFA7442-09BB-4B10-AB63-D23DD6690D30}.Debug|Any CPU.ActiveCfg = Debug|Any CPU
		{CCFA7442-09BB-4B10-AB63-D23DD6690D30}.Debug|Any CPU.Build.0 = Debug|Any CPU
		{CCFA7442-09BB-4B10-AB63-D23DD6690D30}.Release|Any CPU.ActiveCfg = Release|Any CPU
		{CCFA7442-09BB-4B10-AB63-D23DD6690D30}.Release|Any CPU.Build.0 = Release|Any CPU
	EndGlobalSection
	GlobalSection(SolutionProperties) = preSolution
		HideSolutionNode = FALSE
	EndGlobalSection
	GlobalSection(ExtensibilityGlobals) = postSolution
		SolutionGuid = {13F2CEF9-8DDE-435E-8228-44901A263D2B}
	EndGlobalSection
EndGlobal
